github.com/01-edu/go-tests v0.0.0-20251009091500-8ab7bfd4eb06 h1:mtShde48RzfHQmiCBShY6fjEfaASPXxOkTxfBgojsKw=
github.com/01-edu/go-tests v0.0.0-20251009091500-8ab7bfd4eb06/go.mod h1:x1JOcIEAstSs/DPhsueYMIUeIVYNmF1UbKVyMIe65/8=
github.com/01-edu/z01 v0.2.0 h1:HUXnD8LMbNlj8ZbvYHliwx1o6vJ3WU//qL2KFfDW5iY=
github.com/01-edu/z01 v0.2.0/go.mod h1:BH7t35JaNFuP83rTJDc5nkSfgmC/HYVcJsUcdFqYZNo=
